
Microsoft Visual Studio Solution File, Format Version 12.00
# Visual Studio 14
VisualStudioVersion = 14.0.24720.0
MinimumVisualStudioVersion = 10.0.40219.1
Project("{FAE04EC0-301F-11D3-BF4B-00C04F79EFBC}") = "Entidades", "Entidades\Entidades.csproj", "{97FC31B2-7368-4F86-937F-8D5D20220E57}"
EndProject
Project("{FAE04EC0-301F-11D3-BF4B-00C04F79EFBC}") = "MiCalculadora", "MiCalculadora\MiCalculadora.csproj", "{BD50F3FD-0591-4CF5-A613-6C8FB3FA2B10}"
EndProject
Global
	GlobalSection(SolutionConfigurationPlatforms) = preSolution
		Debug|Any CPU = Debug|Any CPU
		Release|Any CPU = Release|Any CPU
	EndGlobalSection
	GlobalSection(ProjectConfigurationPlatforms) = postSolution
		{97FC31B2-7368-4F86-937F-8D5D20220E57}.Debug|Any CPU.ActiveCfg = Debug|Any CPU
		{97FC31B2-7368-4F86-937F-8D5D20220E57}.Debug|Any CPU.Build.0 = Debug|Any CPU
		{97FC31B2-7368-4F86-937F-8D5D20220E57}.Release|Any CPU.ActiveCfg = Release|Any CPU
		{97FC31B2-7368-4F86-937F-8D5D20220E57}.Release|Any CPU.Build.0 = Release|Any CPU
		{BD50F3FD-0591-4CF5-A613-6C8FB3FA2B10}.Debug|Any CPU.ActiveCfg = Debug|Any CPU
		{BD50F3FD-0591-4CF5-A613-6C8FB3FA2B10}.Debug|Any CPU.Build.0 = Debug|Any CPU
		{BD50F3FD-0591-4CF5-A613-6C8FB3FA2B10}.Release|Any CPU.ActiveCfg = Release|Any CPU
		{BD50F3FD-0591-4CF5-A613-6C8FB3FA2B10}.Release|Any CPU.Build.0 = Release|Any CPU
	EndGlobalSection
	GlobalSection(SolutionProperties) = preSolution
		HideSolutionNode = FALSE
	EndGlobalSection
EndGlobal
