
Microsoft Visual Studio Solution File, Format Version 12.00
# Visual Studio 14
VisualStudioVersion = 14.0.24720.0
MinimumVisualStudioVersion = 10.0.40219.1
Project("{FAE04EC0-301F-11D3-BF4B-00C04F79EFBC}") = "Entidades", "Entidades\Entidades.csproj", "{CC1A79B8-4D19-4657-9917-106764647997}"
EndProject
Project("{FAE04EC0-301F-11D3-BF4B-00C04F79EFBC}") = "MainCorreo", "MainCorreo\MainCorreo.csproj", "{D8FB43FC-6F13-4A63-A069-EEDF6B1ACED7}"
EndProject
Project("{FAE04EC0-301F-11D3-BF4B-00C04F79EFBC}") = "Test", "Test\Test.csproj", "{0CDEAC3B-2B66-4A31-ADA4-5373549FA100}"
EndProject
Global
	GlobalSection(SolutionConfigurationPlatforms) = preSolution
		Debug|Any CPU = Debug|Any CPU
		Release|Any CPU = Release|Any CPU
	EndGlobalSection
	GlobalSection(ProjectConfigurationPlatforms) = postSolution
		{CC1A79B8-4D19-4657-9917-106764647997}.Debug|Any CPU.ActiveCfg = Debug|Any CPU
		{CC1A79B8-4D19-4657-9917-106764647997}.Debug|Any CPU.Build.0 = Debug|Any CPU
		{CC1A79B8-4D19-4657-9917-106764647997}.Release|Any CPU.ActiveCfg = Release|Any CPU
		{CC1A79B8-4D19-4657-9917-106764647997}.Release|Any CPU.Build.0 = Release|Any CPU
		{D8FB43FC-6F13-4A63-A069-EEDF6B1ACED7}.Debug|Any CPU.ActiveCfg = Debug|Any CPU
		{D8FB43FC-6F13-4A63-A069-EEDF6B1ACED7}.Debug|Any CPU.Build.0 = Debug|Any CPU
		{D8FB43FC-6F13-4A63-A069-EEDF6B1ACED7}.Release|Any CPU.ActiveCfg = Release|Any CPU
		{D8FB43FC-6F13-4A63-A069-EEDF6B1ACED7}.Release|Any CPU.Build.0 = Release|Any CPU
		{0CDEAC3B-2B66-4A31-ADA4-5373549FA100}.Debug|Any CPU.ActiveCfg = Debug|Any CPU
		{0CDEAC3B-2B66-4A31-ADA4-5373549FA100}.Debug|Any CPU.Build.0 = Debug|Any CPU
		{0CDEAC3B-2B66-4A31-ADA4-5373549FA100}.Release|Any CPU.ActiveCfg = Release|Any CPU
		{0CDEAC3B-2B66-4A31-ADA4-5373549FA100}.Release|Any CPU.Build.0 = Release|Any CPU
	EndGlobalSection
	GlobalSection(SolutionProperties) = preSolution
		HideSolutionNode = FALSE
	EndGlobalSection
EndGlobal
